PODS:
  - Flutter (1.0.0)
  - Glassfy (1.1.8)
  - glassfy_flutter (0.0.1):
    - Flutter
    - GlassfyGlue (= 1.1.83)
  - GlassfyGlue (1.1.83):
    - Glassfy (= 1.1.8)

DEPENDENCIES:
  - Flutter (from `Flutter`)
  - glassfy_flutter (from `.symlinks/plugins/glassfy_flutter/ios`)

SPEC REPOS:
  trunk:
    - Glassfy
    - GlassfyGlue

EXTERNAL SOURCES:
  Flutter:
    :path: Flutter
  glassfy_flutter:
    :path: ".symlinks/plugins/glassfy_flutter/ios"

SPEC CHECKSUMS:
  Flutter: 50d75fe2f02b26cc09d224853bb45737f8b3214a
  Glassfy: a25f21590262d5907ccf43f8631a80f4efbf044b
  glassfy_flutter: e5c40aa9b1fef78dbc68cc056d4ca84b9499b5fe
  GlassfyGlue: f1a58beba4ba7d2c03313a5e347d10ad4b48d934

PODFILE CHECKSUM: 4e8f8b2be68aeea4c0d5beb6ff1e79fface1d048

COCOAPODS: 1.11.2
