PODS:
  - Flutter (1.0.0)
  - Glassfy (1.4.0)
  - glassfy_flutter (1.6.2):
    - Flutter
    - GlassfyGlue (= 1.4.5)
  - GlassfyGlue (1.4.5):
    - Glassfy (= 1.4.0)

DEPENDENCIES:
  - Flutter (from `Flutter`)
  - glassfy_flutter (from `.symlinks/plugins/glassfy_flutter/ios`)

SPEC REPOS:
  trunk:
    - Glassfy
    - GlassfyGlue

EXTERNAL SOURCES:
  Flutter:
    :path: Flutter
  glassfy_flutter:
    :path: ".symlinks/plugins/glassfy_flutter/ios"

SPEC CHECKSUMS:
  Flutter: f04841e97a9d0b0a8025694d0796dd46242b2854
  Glassfy: 6c13edc242715212cfd01a0a12c8553f2f06cfcb
  glassfy_flutter: 361ef9fc83acb4e3accb400798cd624015d3d02a
  GlassfyGlue: 828c39792238a84c07d27a71c9eb4819b0b1dfa9

PODFILE CHECKSUM: 4e8f8b2be68aeea4c0d5beb6ff1e79fface1d048

COCOAPODS: 1.14.3
