PODS:
  - FlutterMacOS (1.0.0)
  - Glassfy (1.4.0)
  - glassfy_flutter (1.6.0):
    - FlutterMacOS
    - GlassfyGlue (= 1.4.0)
  - GlassfyGlue (1.4.0):
    - Glassfy (= 1.4.0)

DEPENDENCIES:
  - FlutterMacOS (from `Flutter/ephemeral`)
  - glassfy_flutter (from `Flutter/ephemeral/.symlinks/plugins/glassfy_flutter/macos`)

SPEC REPOS:
  trunk:
    - Glassfy
    - GlassfyGlue

EXTERNAL SOURCES:
  FlutterMacOS:
    :path: Flutter/ephemeral
  glassfy_flutter:
    :path: Flutter/ephemeral/.symlinks/plugins/glassfy_flutter/macos

SPEC CHECKSUMS:
  FlutterMacOS: 8f6f14fa908a6fb3fba0cd85dbd81ec4b251fb24
  Glassfy: 6c13edc242715212cfd01a0a12c8553f2f06cfcb
  glassfy_flutter: 2136ca23ebf43b35a623f0b831f329ade533ae4a
  GlassfyGlue: 5307e20bb8380ee1c44aa44bc0fbc4e093a47c09

PODFILE CHECKSUM: a4a12660ef6c9dc602ddd8da7544b9a37449a409

COCOAPODS: 1.14.2
