PODS:
  - FlutterMacOS (1.0.0)
  - Glassfy (1.3.5)
  - glassfy_flutter (1.3.7):
    - FlutterMacOS
    - GlassfyGlue (= 1.3.4)
  - GlassfyGlue (1.3.4):
    - Glassfy (= 1.3.5)

DEPENDENCIES:
  - FlutterMacOS (from `Flutter/ephemeral`)
  - glassfy_flutter (from `Flutter/ephemeral/.symlinks/plugins/glassfy_flutter/macos`)

SPEC REPOS:
  trunk:
    - Glassfy
    - GlassfyGlue

EXTERNAL SOURCES:
  FlutterMacOS:
    :path: Flutter/ephemeral
  glassfy_flutter:
    :path: Flutter/ephemeral/.symlinks/plugins/glassfy_flutter/macos

SPEC CHECKSUMS:
  FlutterMacOS: ae6af50a8ea7d6103d888583d46bd8328a7e9811
  Glassfy: 6c7575d13ef53486dc53064f7a9aa503f7ee985c
  glassfy_flutter: 666ba24d97f870949872fcce0e035dae2868233c
  GlassfyGlue: 8ae2c34f3323c9ae5bf423fddda118dc909bab36

PODFILE CHECKSUM: 0d3963a09fc94f580682bd88480486da345dc3f0

COCOAPODS: 1.11.3
